
Microsoft Visual Studio Solution File, Format Version 12.00
# Visual Studio Version 16
VisualStudioVersion = 16.0.30626.31
MinimumVisualStudioVersion = 10.0.40219.1
Project("{FAE04EC0-301F-11D3-BF4B-00C04F79EFBC}") = "GrpcService", "GrpcService\GrpcService.csproj", "{D6A7E538-BF77-4320-9F76-64219D96C1D3}"
EndProject
Project("{FAE04EC0-301F-11D3-BF4B-00C04F79EFBC}") = "GRPClient", "GRPClient\GRPClient.csproj", "{7201D8A5-75A4-48FA-A19B-3B90A52EDC91}"
EndProject
Global
	GlobalSection(SolutionConfigurationPlatforms) = preSolution
		Debug|Any CPU = Debug|Any CPU
		Release|Any CPU = Release|Any CPU
	EndGlobalSection
	GlobalSection(ProjectConfigurationPlatforms) = postSolution
		{D6A7E538-BF77-4320-9F76-64219D96C1D3}.Debug|Any CPU.ActiveCfg = Debug|Any CPU
		{D6A7E538-BF77-4320-9F76-64219D96C1D3}.Debug|Any CPU.Build.0 = Debug|Any CPU
		{D6A7E538-BF77-4320-9F76-64219D96C1D3}.Release|Any CPU.ActiveCfg = Release|Any CPU
		{D6A7E538-BF77-4320-9F76-64219D96C1D3}.Release|Any CPU.Build.0 = Release|Any CPU
		{7201D8A5-75A4-48FA-A19B-3B90A52EDC91}.Debug|Any CPU.ActiveCfg = Debug|Any CPU
		{7201D8A5-75A4-48FA-A19B-3B90A52EDC91}.Debug|Any CPU.Build.0 = Debug|Any CPU
		{7201D8A5-75A4-48FA-A19B-3B90A52EDC91}.Release|Any CPU.ActiveCfg = Release|Any CPU
		{7201D8A5-75A4-48FA-A19B-3B90A52EDC91}.Release|Any CPU.Build.0 = Release|Any CPU
	EndGlobalSection
	GlobalSection(SolutionProperties) = preSolution
		HideSolutionNode = FALSE
	EndGlobalSection
	GlobalSection(ExtensibilityGlobals) = postSolution
		SolutionGuid = {AA61258C-A06A-40A8-81E4-386C0DE815F1}
	EndGlobalSection
EndGlobal
